
Microsoft Visual Studio Solution File, Format Version 12.00
# Visual Studio Version 17
VisualStudioVersion = 17.8.34525.116
MinimumVisualStudioVersion = 10.0.40219.1
Project("{2150E333-8FDC-42A3-9474-1A3956D46DE8}") = "src", "src", "{D6940760-F55E-4DD8-A16F-A3FCEB63F156}"
EndProject
Project("{2150E333-8FDC-42A3-9474-1A3956D46DE8}") = "tests", "tests", "{32A7E9C1-6B9B-4F5E-B930-DB089FB92D91}"
EndProject
Project("{9A19103F-16F7-4668-BE54-9A1E7A4F7556}") = "FanDuel.SportsDepthChart.Api", "src\FanDuel.SportsDepthChart.Api\FanDuel.SportsDepthChart.Api.csproj", "{16278036-3E62-4F2A-84BE-02676450E1AF}"
EndProject
Project("{9A19103F-16F7-4668-BE54-9A1E7A4F7556}") = "FanDuel.SportsDepthChart.Infra", "src\FanDuel.SportsDepthChart.Infra\FanDuel.SportsDepthChart.Infra.csproj", "{C053326C-A61A-4A42-A281-4A94E8076904}"
EndProject
Project("{9A19103F-16F7-4668-BE54-9A1E7A4F7556}") = "FanDuel.SportsDepthChart.Core", "src\FanDuel.SportsDepthChart.Core\FanDuel.SportsDepthChart.Core.csproj", "{F59DF91A-DEA9-40E6-B9AB-4E2DBE75F60D}"
EndProject
Project("{FAE04EC0-301F-11D3-BF4B-00C04F79EFBC}") = "FanDuel.SportsDepthChart.UnitTests", "tests\FanDuel.SportsDepthChart.UnitTests\FanDuel.SportsDepthChart.UnitTests.csproj", "{DF0F6FCA-9266-4C10-9102-0F8F3ACC8E02}"
EndProject
Global
	GlobalSection(SolutionConfigurationPlatforms) = preSolution
		Debug|Any CPU = Debug|Any CPU
		Release|Any CPU = Release|Any CPU
	EndGlobalSection
	GlobalSection(ProjectConfigurationPlatforms) = postSolution
		{16278036-3E62-4F2A-84BE-02676450E1AF}.Debug|Any CPU.ActiveCfg = Debug|Any CPU
		{16278036-3E62-4F2A-84BE-02676450E1AF}.Debug|Any CPU.Build.0 = Debug|Any CPU
		{16278036-3E62-4F2A-84BE-02676450E1AF}.Release|Any CPU.ActiveCfg = Release|Any CPU
		{16278036-3E62-4F2A-84BE-02676450E1AF}.Release|Any CPU.Build.0 = Release|Any CPU
		{C053326C-A61A-4A42-A281-4A94E8076904}.Debug|Any CPU.ActiveCfg = Debug|Any CPU
		{C053326C-A61A-4A42-A281-4A94E8076904}.Debug|Any CPU.Build.0 = Debug|Any CPU
		{C053326C-A61A-4A42-A281-4A94E8076904}.Release|Any CPU.ActiveCfg = Release|Any CPU
		{C053326C-A61A-4A42-A281-4A94E8076904}.Release|Any CPU.Build.0 = Release|Any CPU
		{F59DF91A-DEA9-40E6-B9AB-4E2DBE75F60D}.Debug|Any CPU.ActiveCfg = Debug|Any CPU
		{F59DF91A-DEA9-40E6-B9AB-4E2DBE75F60D}.Debug|Any CPU.Build.0 = Debug|Any CPU
		{F59DF91A-DEA9-40E6-B9AB-4E2DBE75F60D}.Release|Any CPU.ActiveCfg = Release|Any CPU
		{F59DF91A-DEA9-40E6-B9AB-4E2DBE75F60D}.Release|Any CPU.Build.0 = Release|Any CPU
		{DF0F6FCA-9266-4C10-9102-0F8F3ACC8E02}.Debug|Any CPU.ActiveCfg = Debug|Any CPU
		{DF0F6FCA-9266-4C10-9102-0F8F3ACC8E02}.Debug|Any CPU.Build.0 = Debug|Any CPU
		{DF0F6FCA-9266-4C10-9102-0F8F3ACC8E02}.Release|Any CPU.ActiveCfg = Release|Any CPU
		{DF0F6FCA-9266-4C10-9102-0F8F3ACC8E02}.Release|Any CPU.Build.0 = Release|Any CPU
	EndGlobalSection
	GlobalSection(SolutionProperties) = preSolution
		HideSolutionNode = FALSE
	EndGlobalSection
	GlobalSection(NestedProjects) = preSolution
		{16278036-3E62-4F2A-84BE-02676450E1AF} = {D6940760-F55E-4DD8-A16F-A3FCEB63F156}
		{C053326C-A61A-4A42-A281-4A94E8076904} = {D6940760-F55E-4DD8-A16F-A3FCEB63F156}
		{F59DF91A-DEA9-40E6-B9AB-4E2DBE75F60D} = {D6940760-F55E-4DD8-A16F-A3FCEB63F156}
		{DF0F6FCA-9266-4C10-9102-0F8F3ACC8E02} = {32A7E9C1-6B9B-4F5E-B930-DB089FB92D91}
	EndGlobalSection
	GlobalSection(ExtensibilityGlobals) = postSolution
		SolutionGuid = {0E307200-580F-482C-A20C-8C544787145B}
	EndGlobalSection
EndGlobal
